
Microsoft Visual Studio Solution File, Format Version 12.00
# Visual Studio 15
VisualStudioVersion = 15.0.28307.271
MinimumVisualStudioVersion = 10.0.40219.1
Project("{FAE04EC0-301F-11D3-BF4B-00C04F79EFBC}") = "SystemOfSales", "SystemOfSales\SystemOfSales.csproj", "{E66516A2-BE50-4B1D-BE3A-F270774CF0B9}"
EndProject
Project("{FAE04EC0-301F-11D3-BF4B-00C04F79EFBC}") = "SystemOfSales.Tests", "SystemOfSales.Tests\SystemOfSales.Tests.csproj", "{2A33C020-4D2B-4316-9834-B29A3309FDA1}"
EndProject
Project("{FAE04EC0-301F-11D3-BF4B-00C04F79EFBC}") = "BLL", "BLL\BLL.csproj", "{11F43C9C-672F-4663-ACB8-EE02BC6AB486}"
EndProject
Project("{FAE04EC0-301F-11D3-BF4B-00C04F79EFBC}") = "DAL", "DAL\DAL.csproj", "{701965B3-CDBF-47CB-942C-1B1BE8946D8E}"
EndProject
Project("{FAE04EC0-301F-11D3-BF4B-00C04F79EFBC}") = "Entitites", "Entitites\Entitites.csproj", "{5D85C098-C81F-4689-8E0E-BBCD49F75E61}"
EndProject
Global
	GlobalSection(SolutionConfigurationPlatforms) = preSolution
		Debug|Any CPU = Debug|Any CPU
		Release|Any CPU = Release|Any CPU
	EndGlobalSection
	GlobalSection(ProjectConfigurationPlatforms) = postSolution
		{E66516A2-BE50-4B1D-BE3A-F270774CF0B9}.Debug|Any CPU.ActiveCfg = Debug|Any CPU
		{E66516A2-BE50-4B1D-BE3A-F270774CF0B9}.Debug|Any CPU.Build.0 = Debug|Any CPU
		{E66516A2-BE50-4B1D-BE3A-F270774CF0B9}.Release|Any CPU.ActiveCfg = Release|Any CPU
		{E66516A2-BE50-4B1D-BE3A-F270774CF0B9}.Release|Any CPU.Build.0 = Release|Any CPU
		{2A33C020-4D2B-4316-9834-B29A3309FDA1}.Debug|Any CPU.ActiveCfg = Debug|Any CPU
		{2A33C020-4D2B-4316-9834-B29A3309FDA1}.Debug|Any CPU.Build.0 = Debug|Any CPU
		{2A33C020-4D2B-4316-9834-B29A3309FDA1}.Release|Any CPU.ActiveCfg = Release|Any CPU
		{2A33C020-4D2B-4316-9834-B29A3309FDA1}.Release|Any CPU.Build.0 = Release|Any CPU
		{11F43C9C-672F-4663-ACB8-EE02BC6AB486}.Debug|Any CPU.ActiveCfg = Debug|Any CPU
		{11F43C9C-672F-4663-ACB8-EE02BC6AB486}.Debug|Any CPU.Build.0 = Debug|Any CPU
		{11F43C9C-672F-4663-ACB8-EE02BC6AB486}.Release|Any CPU.ActiveCfg = Release|Any CPU
		{11F43C9C-672F-4663-ACB8-EE02BC6AB486}.Release|Any CPU.Build.0 = Release|Any CPU
		{701965B3-CDBF-47CB-942C-1B1BE8946D8E}.Debug|Any CPU.ActiveCfg = Debug|Any CPU
		{701965B3-CDBF-47CB-942C-1B1BE8946D8E}.Debug|Any CPU.Build.0 = Debug|Any CPU
		{701965B3-CDBF-47CB-942C-1B1BE8946D8E}.Release|Any CPU.ActiveCfg = Release|Any CPU
		{701965B3-CDBF-47CB-942C-1B1BE8946D8E}.Release|Any CPU.Build.0 = Release|Any CPU
		{5D85C098-C81F-4689-8E0E-BBCD49F75E61}.Debug|Any CPU.ActiveCfg = Debug|Any CPU
		{5D85C098-C81F-4689-8E0E-BBCD49F75E61}.Debug|Any CPU.Build.0 = Debug|Any CPU
		{5D85C098-C81F-4689-8E0E-BBCD49F75E61}.Release|Any CPU.ActiveCfg = Release|Any CPU
		{5D85C098-C81F-4689-8E0E-BBCD49F75E61}.Release|Any CPU.Build.0 = Release|Any CPU
	EndGlobalSection
	GlobalSection(SolutionProperties) = preSolution
		HideSolutionNode = FALSE
	EndGlobalSection
	GlobalSection(ExtensibilityGlobals) = postSolution
		SolutionGuid = {348AC923-5A89-4993-A2C7-C101CA8B9DE7}
	EndGlobalSection
EndGlobal
